
Microsoft Visual Studio Solution File, Format Version 12.00
# Visual Studio Version 17
VisualStudioVersion = 17.10.35122.118
MinimumVisualStudioVersion = 10.0.40219.1
Project("{FAE04EC0-301F-11D3-BF4B-00C04F79EFBC}") = "loja", "loja\loja.csproj", "{4E999B72-8632-4033-903C-C1C43D2694EE}"
EndProject
Global
	GlobalSection(SolutionConfigurationPlatforms) = preSolution
		Debug|Any CPU = Debug|Any CPU
		Release|Any CPU = Release|Any CPU
	EndGlobalSection
	GlobalSection(ProjectConfigurationPlatforms) = postSolution
		{4E999B72-8632-4033-903C-C1C43D2694EE}.Debug|Any CPU.ActiveCfg = Debug|Any CPU
		{4E999B72-8632-4033-903C-C1C43D2694EE}.Debug|Any CPU.Build.0 = Debug|Any CPU
		{4E999B72-8632-4033-903C-C1C43D2694EE}.Release|Any CPU.ActiveCfg = Release|Any CPU
		{4E999B72-8632-4033-903C-C1C43D2694EE}.Release|Any CPU.Build.0 = Release|Any CPU
	EndGlobalSection
	GlobalSection(SolutionProperties) = preSolution
		HideSolutionNode = FALSE
	EndGlobalSection
	GlobalSection(ExtensibilityGlobals) = postSolution
		SolutionGuid = {AD015301-3D68-4001-BFA9-DAAC0F13D335}
	EndGlobalSection
EndGlobal
